// !$*UTF8*$!
{
	archiveVersion = 1;
	classes = {
	};
	objectVersion = 50;
	objects = {

/* Begin PBXBuildFile section */
		BE64A2E023F8794200E86A8A /* CartSystem.swift in Sources */ = {isa = PBXBuildFile; fileRef = BE64A2DF23F8794100E86A8A /* CartSystem.swift */; };
		BEB4355123EF4E0D00B1291A /* ChairScene.swift in Sources */ = {isa = PBXBuildFile; fileRef = BEB4355023EF4E0D00B1291A /* ChairScene.swift */; };
		BEB4355323EF538200B1291A /* TabelScene.swift in Sources */ = {isa = PBXBuildFile; fileRef = BEB4355223EF538200B1291A /* TabelScene.swift */; };
		E7BFBC1623C5302100211052 /* AppDelegate.swift in Sources */ = {isa = PBXBuildFile; fileRef = E7BFBC1523C5302100211052 /* AppDelegate.swift */; };
		E7BFBC1C23C5302100211052 /* GameScene.swift in Sources */ = {isa = PBXBuildFile; fileRef = E7BFBC1B23C5302100211052 /* GameScene.swift */; };
		E7BFBC1E23C5302100211052 /* GameViewController.swift in Sources */ = {isa = PBXBuildFile; fileRef = E7BFBC1D23C5302100211052 /* GameViewController.swift */; };
		E7BFBC2123C5302100211052 /* Main.storyboard in Resources */ = {isa = PBXBuildFile; fileRef = E7BFBC1F23C5302100211052 /* Main.storyboard */; };
		E7BFBC2323C5302200211052 /* Assets.xcassets in Resources */ = {isa = PBXBuildFile; fileRef = E7BFBC2223C5302200211052 /* Assets.xcassets */; };
		E7BFBC2623C5302200211052 /* LaunchScreen.storyboard in Resources */ = {isa = PBXBuildFile; fileRef = E7BFBC2423C5302200211052 /* LaunchScreen.storyboard */; };
/* End PBXBuildFile section */

/* Begin PBXFileReference section */
		BE64A2DF23F8794100E86A8A /* CartSystem.swift */ = {isa = PBXFileReference; lastKnownFileType = sourcecode.swift; path = CartSystem.swift; sourceTree = "<group>"; };
		BEB4355023EF4E0D00B1291A /* ChairScene.swift */ = {isa = PBXFileReference; lastKnownFileType = sourcecode.swift; path = ChairScene.swift; sourceTree = "<group>"; };
		BEB4355223EF538200B1291A /* TabelScene.swift */ = {isa = PBXFileReference; lastKnownFileType = sourcecode.swift; path = TabelScene.swift; sourceTree = "<group>"; };
		E7BFBC1223C5302100211052 /* Challenge1.app */ = {isa = PBXFileReference; explicitFileType = wrapper.application; includeInIndex = 0; path = Challenge1.app; sourceTree = BUILT_PRODUCTS_DIR; };
		E7BFBC1523C5302100211052 /* AppDelegate.swift */ = {isa = PBXFileReference; lastKnownFileType = sourcecode.swift; path = AppDelegate.swift; sourceTree = "<group>"; };
		E7BFBC1B23C5302100211052 /* GameScene.swift */ = {isa = PBXFileReference; lastKnownFileType = sourcecode.swift; path = GameScene.swift; sourceTree = "<group>"; };
		E7BFBC1D23C5302100211052 /* GameViewController.swift */ = {isa = PBXFileReference; lastKnownFileType = sourcecode.swift; path = GameViewController.swift; sourceTree = "<group>"; };
		E7BFBC2023C5302100211052 /* Base */ = {isa = PBXFileReference; lastKnownFileType = file.storyboard; name = Base; path = Base.lproj/Main.storyboard; sourceTree = "<group>"; };
		E7BFBC2223C5302200211052 /* Assets.xcassets */ = {isa = PBXFileReference; lastKnownFileType = folder.assetcatalog; path = Assets.xcassets; sourceTree = "<group>"; };
		E7BFBC2523C5302200211052 /* Base */ = {isa = PBXFileReference; lastKnownFileType = file.storyboard; name = Base; path = Base.lproj/LaunchScreen.storyboard; sourceTree = "<group>"; };
		E7BFBC2723C5302200211052 /* Info.plist */ = {isa = PBXFileReference; lastKnownFileType = text.plist.xml; path = Info.plist; sourceTree = "<group>"; };
/* End PBXFileReference section */

/* Begin PBXFrameworksBuildPhase section */
		E7BFBC0F23C5302100211052 /* Frameworks */ = {
			isa = PBXFrameworksBuildPhase;
			buildActionMask = 2147483647;
			files = (
			);
			runOnlyForDeploymentPostprocessing = 0;
		};
/* End PBXFrameworksBuildPhase section */

/* Begin PBXGroup section */
		E7BFBC0923C5302100211052 = {
			isa = PBXGroup;
			children = (
				E7BFBC1423C5302100211052 /* Challenge1 */,
				E7BFBC1323C5302100211052 /* Products */,
			);
			sourceTree = "<group>";
		};
		E7BFBC1323C5302100211052 /* Products */ = {
			isa = PBXGroup;
			children = (
				E7BFBC1223C5302100211052 /* Challenge1.app */,
			);
			name = Products;
			sourceTree = "<group>";
		};
		E7BFBC1423C5302100211052 /* Challenge1 */ = {
			isa = PBXGroup;
			children = (
				E7BFBC1523C5302100211052 /* AppDelegate.swift */,
				E7BFBC1B23C5302100211052 /* GameScene.swift */,
				BEB4355023EF4E0D00B1291A /* ChairScene.swift */,
				BEB4355223EF538200B1291A /* TabelScene.swift */,
				BE64A2DF23F8794100E86A8A /* CartSystem.swift */,
				E7BFBC1D23C5302100211052 /* GameViewController.swift */,
				E7BFBC1F23C5302100211052 /* Main.storyboard */,
				E7BFBC2223C5302200211052 /* Assets.xcassets */,
				E7BFBC2423C5302200211052 /* LaunchScreen.storyboard */,
				E7BFBC2723C5302200211052 /* Info.plist */,
			);
			path = Challenge1;
			sourceTree = "<group>";
		};
/* End PBXGroup section */

/* Begin PBXNativeTarget section */
		E7BFBC1123C5302100211052 /* Challenge1 */ = {
			isa = PBXNativeTarget;
			buildConfigurationList = E7BFBC2A23C5302200211052 /* Build configuration list for PBXNativeTarget "Challenge1" */;
			buildPhases = (
				E7BFBC0E23C5302100211052 /* Sources */,
				E7BFBC0F23C5302100211052 /* Frameworks */,
				E7BFBC1023C5302100211052 /* Resources */,
			);
			buildRules = (
			);
			dependencies = (
			);
			name = Challenge1;
			productName = Challenge1;
			productReference = E7BFBC1223C5302100211052 /* Challenge1.app */;
			productType = "com.apple.product-type.application";
		};
/* End PBXNativeTarget section */

/* Begin PBXProject section */
		E7BFBC0A23C5302100211052 /* Project object */ = {
			isa = PBXProject;
			attributes = {
				LastSwiftUpdateCheck = 1030;
				LastUpgradeCheck = 1030;
				ORGANIZATIONNAME = "Dong Hyeong Lee";
				TargetAttributes = {
					E7BFBC1123C5302100211052 = {
						CreatedOnToolsVersion = 10.3;
					};
				};
			};
			buildConfigurationList = E7BFBC0D23C5302100211052 /* Build configuration list for PBXProject "Challenge1" */;
			compatibilityVersion = "Xcode 9.3";
			developmentRegion = en;
			hasScannedForEncodings = 0;
			knownRegions = (
				en,
				Base,
			);
			mainGroup = E7BFBC0923C5302100211052;
			productRefGroup = E7BFBC1323C5302100211052 /* Products */;
			projectDirPath = "";
			projectRoot = "";
			targets = (
				E7BFBC1123C5302100211052 /* Challenge1 */,
			);
		};
/* End PBXProject section */

/* Begin PBXResourcesBuildPhase section */
		E7BFBC1023C5302100211052 /* Resources */ = {
			isa = PBXResourcesBuildPhase;
			buildActionMask = 2147483647;
			files = (
				E7BFBC2123C5302100211052 /* Main.storyboard in Resources */,
				E7BFBC2323C5302200211052 /* Assets.xcassets in Resources */,
				E7BFBC2623C5302200211052 /* LaunchScreen.storyboard in Resources */,
			);
			runOnlyForDeploymentPostprocessing = 0;
		};
/* End PBXResourcesBuildPhase section */

/* Begin PBXSourcesBuildPhase section */
		E7BFBC0E23C5302100211052 /* Sources */ = {
			isa = PBXSourcesBuildPhase;
			buildActionMask = 2147483647;
			files = (
				BEB4355323EF538200B1291A /* TabelScene.swift in Sources */,
				BEB4355123EF4E0D00B1291A /* ChairScene.swift in Sources */,
				BE64A2E023F8794200E86A8A /* CartSystem.swift in Sources */,
				E7BFBC1C23C5302100211052 /* GameScene.swift in Sources */,
				E7BFBC1E23C5302100211052 /* GameViewController.swift in Sources */,
				E7BFBC1623C5302100211052 /* AppDelegate.swift in Sources */,
			);
			runOnlyForDeploymentPostprocessing = 0;
		};
/* End PBXSourcesBuildPhase section */

/* Begin PBXVariantGroup section */
		E7BFBC1F23C5302100211052 /* Main.storyboard */ = {
			isa = PBXVariantGroup;
			children = (
				E7BFBC2023C5302100211052 /* Base */,
			);
			name = Main.storyboard;
			sourceTree = "<group>";
		};
		E7BFBC2423C5302200211052 /* LaunchScreen.storyboard */ = {
			isa = PBXVariantGroup;
			children = (
				E7BFBC2523C5302200211052 /* Base */,
			);
			name = LaunchScreen.storyboard;
			sourceTree = "<group>";
		};
/* End PBXVariantGroup section */

/* Begin XCBuildConfiguration section */
		E7BFBC2823C5302200211052 /* Debug */ = {
			isa = XCBuildConfiguration;
			buildSettings = {
				ALWAYS_SEARCH_USER_PATHS = NO;
				CLANG_ANALYZER_NONNULL = YES;
				CLANG_ANALYZER_NUMBER_OBJECT_CONVERSION = YES_AGGRESSIVE;
				CLANG_CXX_LANGUAGE_STANDARD = "gnu++14";
				CLANG_CXX_LIBRARY = "libc++";
				CLANG_ENABLE_MODULES = YES;
				CLANG_ENABLE_OBJC_ARC = YES;
				CLANG_ENABLE_OBJC_WEAK = YES;
				CLANG_WARN_BLOCK_CAPTURE_AUTORELEASING = YES;
				CLANG_WARN_BOOL_CONVERSION = YES;
				CLANG_WARN_COMMA = YES;
				CLANG_WARN_CONSTANT_CONVERSION = YES;
				CLANG_WARN_DEPRECATED_OBJC_IMPLEMENTATIONS = YES;
				CLANG_WARN_DIRECT_OBJC_ISA_USAGE = YES_ERROR;
				CLANG_WARN_DOCUMENTATION_COMMENTS = YES;
				CLANG_WARN_EMPTY_BODY = YES;
				CLANG_WARN_ENUM_CONVERSION = YES;
				CLANG_WARN_INFINITE_RECURSION = YES;
				CLANG_WARN_INT_CONVERSION = YES;
				CLANG_WARN_NON_LITERAL_NULL_CONVERSION = YES;
				CLANG_WARN_OBJC_IMPLICIT_RETAIN_SELF = YES;
				CLANG_WARN_OBJC_LITERAL_CONVERSION = YES;
				CLANG_WARN_OBJC_ROOT_CLASS = YES_ERROR;
				CLANG_WARN_RANGE_LOOP_ANALYSIS = YES;
				CLANG_WARN_STRICT_PROTOTYPES = YES;
				CLANG_WARN_SUSPICIOUS_MOVE = YES;
				CLANG_WARN_UNGUARDED_AVAILABILITY = YES_AGGRESSIVE;
				CLANG_WARN_UNREACHABLE_CODE = YES;
				CLANG_WARN__DUPLICATE_METHOD_MATCH = YES;
				CODE_SIGN_IDENTITY = "iPhone Developer";
				COPY_PHASE_STRIP = NO;
				DEBUG_INFORMATION_FORMAT = dwarf;
				ENABLE_STRICT_OBJC_MSGSEND = YES;
				ENABLE_TESTABILITY = YES;
				GCC_C_LANGUAGE_STANDARD = gnu11;
				GCC_DYNAMIC_NO_PIC = NO;
				GCC_NO_COMMON_BLOCKS = YES;
				GCC_OPTIMIZATION_LEVEL = 0;
				GCC_PREPROCESSOR_DEFINITIONS = (
					"DEBUG=1",
					"$(inherited)",
				);
				GCC_WARN_64_TO_32_BIT_CONVERSION = YES;
				GCC_WARN_ABOUT_RETURN_TYPE = YES_ERROR;
				GCC_WARN_UNDECLARED_SELECTOR = YES;
				GCC_WARN_UNINITIALIZED_AUTOS = YES_AGGRESSIVE;
				GCC_WARN_UNUSED_FUNCTION = YES;
				GCC_WARN_UNUSED_VARIABLE = YES;
				IPHONEOS_DEPLOYMENT_TARGET = 12.4;
				MTL_ENABLE_DEBUG_INFO = INCLUDE_SOURCE;
				MTL_FAST_MATH = YES;
				ONLY_ACTIVE_ARCH = YES;
				SDKROOT = iphoneos;
				SWIFT_ACTIVE_COMPILATION_CONDITIONS = DEBUG;
				SWIFT_OPTIMIZATION_LEVEL = "-Onone";
			};
			name = Debug;
		};
		E7BFBC2923C5302200211052 /* Release */ = {
			isa = XCBuildConfiguration;
			buildSettings = {
				ALWAYS_SEARCH_USER_PATHS = NO;
				CLANG_ANALYZER_NONNULL = YES;
				CLANG_ANALYZER_NUMBER_OBJECT_CONVERSION = YES_AGGRESSIVE;
				CLANG_CXX_LANGUAGE_STANDARD = "gnu++14";
				CLANG_CXX_LIBRARY = "libc++";
				CLANG_ENABLE_MODULES = YES;
				CLANG_ENABLE_OBJC_ARC = YES;
				CLANG_ENABLE_OBJC_WEAK = YES;
				CLANG_WARN_BLOCK_CAPTURE_AUTORELEASING = YES;
				CLANG_WARN_BOOL_CONVERSION = YES;
				CLANG_WARN_COMMA = YES;
				CLANG_WARN_CONSTANT_CONVERSION = YES;
				CLANG_WARN_DEPRECATED_OBJC_IMPLEMENTATIONS = YES;
				CLANG_WARN_DIRECT_OBJC_ISA_USAGE = YES_ERROR;
				CLANG_WARN_DOCUMENTATION_COMMENTS = YES;
				CLANG_WARN_EMPTY_BODY = YES;
				CLANG_WARN_ENUM_CONVERSION = YES;
				CLANG_WARN_INFINITE_RECURSION = YES;
				CLANG_WARN_INT_CONVERSION = YES;
				CLANG_WARN_NON_LITERAL_NULL_CONVERSION = YES;
				CLANG_WARN_OBJC_IMPLICIT_RETAIN_SELF = YES;
				CLANG_WARN_OBJC_LITERAL_CONVERSION = YES;
				CLANG_WARN_OBJC_ROOT_CLASS = YES_ERROR;
				CLANG_WARN_RANGE_LOOP_ANALYSIS = YES;
				CLANG_WARN_STRICT_PROTOTYPES = YES;
				CLANG_WARN_SUSPICIOUS_MOVE = YES;
				CLANG_WARN_UNGUARDED_AVAILABILITY = YES_AGGRESSIVE;
				CLANG_WARN_UNREACHABLE_CODE = YES;
				CLANG_WARN__DUPLICATE_METHOD_MATCH = YES;
				CODE_SIGN_IDENTITY = "iPhone Developer";
				COPY_PHASE_STRIP = NO;
				DEBUG_INFORMATION_FORMAT = "dwarf-with-dsym";
				ENABLE_NS_ASSERTIONS = NO;
				ENABLE_STRICT_OBJC_MSGSEND = YES;
				GCC_C_LANGUAGE_STANDARD = gnu11;
				GCC_NO_COMMON_BLOCKS = YES;
				GCC_WARN_64_TO_32_BIT_CONVERSION = YES;
				GCC_WARN_ABOUT_RETURN_TYPE = YES_ERROR;
				GCC_WARN_UNDECLARED_SELECTOR = YES;
				GCC_WARN_UNINITIALIZED_AUTOS = YES_AGGRESSIVE;
				GCC_WARN_UNUSED_FUNCTION = YES;
				GCC_WARN_UNUSED_VARIABLE = YES;
				IPHONEOS_DEPLOYMENT_TARGET = 12.4;
				MTL_ENABLE_DEBUG_INFO = NO;
				MTL_FAST_MATH = YES;
				SDKROOT = iphoneos;
				SWIFT_COMPILATION_MODE = wholemodule;
				SWIFT_OPTIMIZATION_LEVEL = "-O";
				VALIDATE_PRODUCT = YES;
			};
			name = Release;
		};
		E7BFBC2B23C5302200211052 /* Debug */ = {
			isa = XCBuildConfiguration;
			buildSettings = {
				ASSETCATALOG_COMPILER_APPICON_NAME = AppIcon;
				CODE_SIGN_STYLE = Automatic;
				DEVELOPMENT_TEAM = 9TT46CPHV2;
				INFOPLIST_FILE = Challenge1/Info.plist;
				LD_RUNPATH_SEARCH_PATHS = (
					"$(inherited)",
					"@executable_path/Frameworks",
				);
				PRODUCT_BUNDLE_IDENTIFIER = DongHyeongLee.Challenge1;
				PRODUCT_NAME = "$(TARGET_NAME)";
				SWIFT_VERSION = 5.0;
				TARGETED_DEVICE_FAMILY = "1,2";
			};
			name = Debug;
		};
		E7BFBC2C23C5302200211052 /* Release */ = {
			isa = XCBuildConfiguration;
			buildSettings = {
				ASSETCATALOG_COMPILER_APPICON_NAME = AppIcon;
				CODE_SIGN_STYLE = Automatic;
				DEVELOPMENT_TEAM = 9TT46CPHV2;
				INFOPLIST_FILE = Challenge1/Info.plist;
				LD_RUNPATH_SEARCH_PATHS = (
					"$(inherited)",
					"@executable_path/Frameworks",
				);
				PRODUCT_BUNDLE_IDENTIFIER = DongHyeongLee.Challenge1;
				PRODUCT_NAME = "$(TARGET_NAME)";
				SWIFT_VERSION = 5.0;
				TARGETED_DEVICE_FAMILY = "1,2";
			};
			name = Release;
		};
/* End XCBuildConfiguration section */

/* Begin XCConfigurationList section */
		E7BFBC0D23C5302100211052 /* Build configuration list for PBXProject "Challenge1" */ = {
			isa = XCConfigurationList;
			buildConfigurations = (
				E7BFBC2823C5302200211052 /* Debug */,
				E7BFBC2923C5302200211052 /* Release */,
			);
			defaultConfigurationIsVisible = 0;
			defaultConfigurationName = Release;
		};
		E7BFBC2A23C5302200211052 /* Build configuration list for PBXNativeTarget "Challenge1" */ = {
			isa = XCConfigurationList;
			buildConfigurations = (
				E7BFBC2B23C5302200211052 /* Debug */,
				E7BFBC2C23C5302200211052 /* Release */,
			);
			defaultConfigurationIsVisible = 0;
			defaultConfigurationName = Release;
		};
/* End XCConfigurationList section */
	};
	rootObject = E7BFBC0A23C5302100211052 /* Project object */;
}
